
Microsoft Visual Studio Solution File, Format Version 12.00
# Visual Studio Version 17
VisualStudioVersion = 17.2.32616.157
MinimumVisualStudioVersion = 10.0.40219.1
Project("{8BC9CEB8-8B4A-11D0-8D11-00A0C91BC942}") = "threadpool", "threadpool\threadpool.vcxproj", "{E61B29FA-D8DD-4FA2-AD87-B18AC3628AD9}"
EndProject
Global
	GlobalSection(SolutionConfigurationPlatforms) = preSolution
		Debug|ARM = Debug|ARM
		Debug|ARM64 = Debug|ARM64
		Debug|x64 = Debug|x64
		Debug|x86 = Debug|x86
		Release|ARM = Release|ARM
		Release|ARM64 = Release|ARM64
		Release|x64 = Release|x64
		Release|x86 = Release|x86
	EndGlobalSection
	GlobalSection(ProjectConfigurationPlatforms) = postSolution
		{E61B29FA-D8DD-4FA2-AD87-B18AC3628AD9}.Debug|ARM.ActiveCfg = Debug|ARM
		{E61B29FA-D8DD-4FA2-AD87-B18AC3628AD9}.Debug|ARM.Build.0 = Debug|ARM
		{E61B29FA-D8DD-4FA2-AD87-B18AC3628AD9}.Debug|ARM.Deploy.0 = Debug|ARM
		{E61B29FA-D8DD-4FA2-AD87-B18AC3628AD9}.Debug|ARM64.ActiveCfg = Debug|ARM64
		{E61B29FA-D8DD-4FA2-AD87-B18AC3628AD9}.Debug|ARM64.Build.0 = Debug|ARM64
		{E61B29FA-D8DD-4FA2-AD87-B18AC3628AD9}.Debug|ARM64.Deploy.0 = Debug|ARM64
		{E61B29FA-D8DD-4FA2-AD87-B18AC3628AD9}.Debug|x64.ActiveCfg = Debug|x64
		{E61B29FA-D8DD-4FA2-AD87-B18AC3628AD9}.Debug|x64.Build.0 = Debug|x64
		{E61B29FA-D8DD-4FA2-AD87-B18AC3628AD9}.Debug|x64.Deploy.0 = Debug|x64
		{E61B29FA-D8DD-4FA2-AD87-B18AC3628AD9}.Debug|x86.ActiveCfg = Debug|x86
		{E61B29FA-D8DD-4FA2-AD87-B18AC3628AD9}.Debug|x86.Build.0 = Debug|x86
		{E61B29FA-D8DD-4FA2-AD87-B18AC3628AD9}.Debug|x86.Deploy.0 = Debug|x86
		{E61B29FA-D8DD-4FA2-AD87-B18AC3628AD9}.Release|ARM.ActiveCfg = Release|ARM
		{E61B29FA-D8DD-4FA2-AD87-B18AC3628AD9}.Release|ARM.Build.0 = Release|ARM
		{E61B29FA-D8DD-4FA2-AD87-B18AC3628AD9}.Release|ARM.Deploy.0 = Release|ARM
		{E61B29FA-D8DD-4FA2-AD87-B18AC3628AD9}.Release|ARM64.ActiveCfg = Release|ARM64
		{E61B29FA-D8DD-4FA2-AD87-B18AC3628AD9}.Release|ARM64.Build.0 = Release|ARM64
		{E61B29FA-D8DD-4FA2-AD87-B18AC3628AD9}.Release|ARM64.Deploy.0 = Release|ARM64
		{E61B29FA-D8DD-4FA2-AD87-B18AC3628AD9}.Release|x64.ActiveCfg = Release|x64
		{E61B29FA-D8DD-4FA2-AD87-B18AC3628AD9}.Release|x64.Build.0 = Release|x64
		{E61B29FA-D8DD-4FA2-AD87-B18AC3628AD9}.Release|x64.Deploy.0 = Release|x64
		{E61B29FA-D8DD-4FA2-AD87-B18AC3628AD9}.Release|x86.ActiveCfg = Release|x86
		{E61B29FA-D8DD-4FA2-AD87-B18AC3628AD9}.Release|x86.Build.0 = Release|x86
		{E61B29FA-D8DD-4FA2-AD87-B18AC3628AD9}.Release|x86.Deploy.0 = Release|x86
	EndGlobalSection
	GlobalSection(SolutionProperties) = preSolution
		HideSolutionNode = FALSE
	EndGlobalSection
	GlobalSection(ExtensibilityGlobals) = postSolution
		SolutionGuid = {79BD322F-50C6-421A-9FE6-6065DA5B81B0}
	EndGlobalSection
EndGlobal
